
Microsoft Visual Studio Solution File, Format Version 12.00
# Visual Studio Version 16
VisualStudioVersion = 16.0.32407.337
MinimumVisualStudioVersion = 10.0.40219.1
Project("{FAE04EC0-301F-11D3-BF4B-00C04F79EFBC}") = "GoodQuote", "GoodQuote\GoodQuote.csproj", "{B6F3E288-7A35-44FC-A4DB-2D5AB2EDDC27}"
EndProject
Global
	GlobalSection(SolutionConfigurationPlatforms) = preSolution
		Debug|Any CPU = Debug|Any CPU
		Release|Any CPU = Release|Any CPU
	EndGlobalSection
	GlobalSection(ProjectConfigurationPlatforms) = postSolution
		{B6F3E288-7A35-44FC-A4DB-2D5AB2EDDC27}.Debug|Any CPU.ActiveCfg = Debug|Any CPU
		{B6F3E288-7A35-44FC-A4DB-2D5AB2EDDC27}.Debug|Any CPU.Build.0 = Debug|Any CPU
		{B6F3E288-7A35-44FC-A4DB-2D5AB2EDDC27}.Release|Any CPU.ActiveCfg = Release|Any CPU
		{B6F3E288-7A35-44FC-A4DB-2D5AB2EDDC27}.Release|Any CPU.Build.0 = Release|Any CPU
	EndGlobalSection
	GlobalSection(SolutionProperties) = preSolution
		HideSolutionNode = FALSE
	EndGlobalSection
	GlobalSection(ExtensibilityGlobals) = postSolution
		SolutionGuid = {9FFE801E-08C1-4521-BF24-EA3CACD0A580}
	EndGlobalSection
EndGlobal
